
Microsoft Visual Studio Solution File, Format Version 12.00
# Visual Studio 15
VisualStudioVersion = 15.0.28307.572
MinimumVisualStudioVersion = 10.0.40219.1
Project("{FAE04EC0-301F-11D3-BF4B-00C04F79EFBC}") = "ParteienAnalyse", "ParteienAnalyse\ParteienAnalyse.csproj", "{802E695D-254B-44CE-890E-310421AD55F1}"
EndProject
Project("{FAE04EC0-301F-11D3-BF4B-00C04F79EFBC}") = "Contracts", "Contracts\Contracts.csproj", "{E98D1E8B-B93A-43ED-8120-EDB720E777FD}"
EndProject
Project("{FAE04EC0-301F-11D3-BF4B-00C04F79EFBC}") = "Data", "Data\Data.csproj", "{183DC286-212E-4651-956D-DC892C43548A}"
EndProject
Project("{FAE04EC0-301F-11D3-BF4B-00C04F79EFBC}") = "Business", "Business\Business.csproj", "{66AD350A-5FFC-496E-B454-F807E541F715}"
EndProject
Global
	GlobalSection(SolutionConfigurationPlatforms) = preSolution
		Debug|Any CPU = Debug|Any CPU
		Release|Any CPU = Release|Any CPU
	EndGlobalSection
	GlobalSection(ProjectConfigurationPlatforms) = postSolution
		{802E695D-254B-44CE-890E-310421AD55F1}.Debug|Any CPU.ActiveCfg = Debug|Any CPU
		{802E695D-254B-44CE-890E-310421AD55F1}.Debug|Any CPU.Build.0 = Debug|Any CPU
		{802E695D-254B-44CE-890E-310421AD55F1}.Release|Any CPU.ActiveCfg = Release|Any CPU
		{802E695D-254B-44CE-890E-310421AD55F1}.Release|Any CPU.Build.0 = Release|Any CPU
		{E98D1E8B-B93A-43ED-8120-EDB720E777FD}.Debug|Any CPU.ActiveCfg = Debug|Any CPU
		{E98D1E8B-B93A-43ED-8120-EDB720E777FD}.Debug|Any CPU.Build.0 = Debug|Any CPU
		{E98D1E8B-B93A-43ED-8120-EDB720E777FD}.Release|Any CPU.ActiveCfg = Release|Any CPU
		{E98D1E8B-B93A-43ED-8120-EDB720E777FD}.Release|Any CPU.Build.0 = Release|Any CPU
		{183DC286-212E-4651-956D-DC892C43548A}.Debug|Any CPU.ActiveCfg = Debug|Any CPU
		{183DC286-212E-4651-956D-DC892C43548A}.Debug|Any CPU.Build.0 = Debug|Any CPU
		{183DC286-212E-4651-956D-DC892C43548A}.Release|Any CPU.ActiveCfg = Release|Any CPU
		{183DC286-212E-4651-956D-DC892C43548A}.Release|Any CPU.Build.0 = Release|Any CPU
		{66AD350A-5FFC-496E-B454-F807E541F715}.Debug|Any CPU.ActiveCfg = Debug|Any CPU
		{66AD350A-5FFC-496E-B454-F807E541F715}.Debug|Any CPU.Build.0 = Debug|Any CPU
		{66AD350A-5FFC-496E-B454-F807E541F715}.Release|Any CPU.ActiveCfg = Release|Any CPU
		{66AD350A-5FFC-496E-B454-F807E541F715}.Release|Any CPU.Build.0 = Release|Any CPU
	EndGlobalSection
	GlobalSection(SolutionProperties) = preSolution
		HideSolutionNode = FALSE
	EndGlobalSection
	GlobalSection(ExtensibilityGlobals) = postSolution
		SolutionGuid = {2CBF2890-A9A9-4868-9E90-0362580BEEE2}
	EndGlobalSection
	GlobalSection(TeamFoundationVersionControl) = preSolution
		SccNumberOfProjects = 5
		SccEnterpriseProvider = {4CA58AB2-18FA-4F8D-95D4-32DDF27D184C}
		SccTeamFoundationServer = https://tfs.kubus-it.de/tfs/dc
		SccLocalPath0 = .
		SccProjectUniqueName1 = ParteienAnalyse\\ParteienAnalyse.csproj
		SccProjectName1 = ParteienAnalyse
		SccLocalPath1 = ParteienAnalyse
		SccProjectUniqueName2 = Contracts\\Contracts.csproj
		SccProjectName2 = Contracts
		SccLocalPath2 = Contracts
		SccProjectUniqueName3 = Data\\Data.csproj
		SccProjectName3 = Data
		SccLocalPath3 = Data
		SccProjectUniqueName4 = Business\\Business.csproj
		SccProjectName4 = Business
		SccLocalPath4 = Business
	EndGlobalSection
EndGlobal
